// !$*UTF8*$!
{
	archiveVersion = 1;
	classes = {
	};
	objectVersion = 51;
	objects = {

/* Begin PBXBuildFile section */
		0131F4C10D3457CB057D86AF /* Pods_Parstagram_ParstagramUITests.framework in Frameworks */ = {isa = PBXBuildFile; fileRef = 2487E1B3ED401907581DBB92 /* Pods_Parstagram_ParstagramUITests.framework */; };
		3C18DE9825573E3E002A8E5A /* LoginViewController.swift in Sources */ = {isa = PBXBuildFile; fileRef = 3C18DE9725573E3E002A8E5A /* LoginViewController.swift */; };
		3C18DE9D25573E4E002A8E5A /* FeedViewController.swift in Sources */ = {isa = PBXBuildFile; fileRef = 3C18DE9C25573E4E002A8E5A /* FeedViewController.swift */; };
		3C3CB3CB2557369B007E82CA /* AppDelegate.swift in Sources */ = {isa = PBXBuildFile; fileRef = 3C3CB3CA2557369B007E82CA /* AppDelegate.swift */; };
		3C3CB3CD2557369B007E82CA /* SceneDelegate.swift in Sources */ = {isa = PBXBuildFile; fileRef = 3C3CB3CC2557369B007E82CA /* SceneDelegate.swift */; };
		3C3CB3D22557369B007E82CA /* Main.storyboard in Resources */ = {isa = PBXBuildFile; fileRef = 3C3CB3D02557369B007E82CA /* Main.storyboard */; };
		3C3CB3D42557369E007E82CA /* Assets.xcassets in Resources */ = {isa = PBXBuildFile; fileRef = 3C3CB3D32557369E007E82CA /* Assets.xcassets */; };
		3C3CB3D72557369E007E82CA /* LaunchScreen.storyboard in Resources */ = {isa = PBXBuildFile; fileRef = 3C3CB3D52557369E007E82CA /* LaunchScreen.storyboard */; };
		3C3CB3E22557369F007E82CA /* ParstagramTests.swift in Sources */ = {isa = PBXBuildFile; fileRef = 3C3CB3E12557369F007E82CA /* ParstagramTests.swift */; };
		3C3CB3ED2557369F007E82CA /* ParstagramUITests.swift in Sources */ = {isa = PBXBuildFile; fileRef = 3C3CB3EC2557369F007E82CA /* ParstagramUITests.swift */; };
		3C3F1ACA25577D5E00178641 /* CameraViewController.swift in Sources */ = {isa = PBXBuildFile; fileRef = 3C3F1AC925577D5E00178641 /* CameraViewController.swift */; };
		73B0390EC68E5602BCF794B9 /* Pods_Parstagram.framework in Frameworks */ = {isa = PBXBuildFile; fileRef = BD58F86F6E1526B2DC958688 /* Pods_Parstagram.framework */; };
		F1B21F850EC73B7B9BD926A3 /* Pods_ParstagramTests.framework in Frameworks */ = {isa = PBXBuildFile; fileRef = 77284230E3E9C60B90E6B41D /* Pods_ParstagramTests.framework */; };
/* End PBXBuildFile section */

/* Begin PBXContainerItemProxy section */
		3C3CB3DE2557369F007E82CA /* PBXContainerItemProxy */ = {
			isa = PBXContainerItemProxy;
			containerPortal = 3C3CB3BF2557369B007E82CA /* Project object */;
			proxyType = 1;
			remoteGlobalIDString = 3C3CB3C62557369B007E82CA;
			remoteInfo = Parstagram;
		};
		3C3CB3E92557369F007E82CA /* PBXContainerItemProxy */ = {
			isa = PBXContainerItemProxy;
			containerPortal = 3C3CB3BF2557369B007E82CA /* Project object */;
			proxyType = 1;
			remoteGlobalIDString = 3C3CB3C62557369B007E82CA;
			remoteInfo = Parstagram;
		};
/* End PBXContainerItemProxy section */

/* Begin PBXFileReference section */
		22CBCB40185D04F513329D40 /* Pods-ParstagramTests.release.xcconfig */ = {isa = PBXFileReference; includeInIndex = 1; lastKnownFileType = text.xcconfig; name = "Pods-ParstagramTests.release.xcconfig"; path = "Target Support Files/Pods-ParstagramTests/Pods-ParstagramTests.release.xcconfig"; sourceTree = "<group>"; };
		2487E1B3ED401907581DBB92 /* Pods_Parstagram_ParstagramUITests.framework */ = {isa = PBXFileReference; explicitFileType = wrapper.framework; includeInIndex = 0; path = Pods_Parstagram_ParstagramUITests.framework; sourceTree = BUILT_PRODUCTS_DIR; };
		3740E361C4C3466832798C57 /* Pods-Parstagram-ParstagramUITests.debug.xcconfig */ = {isa = PBXFileReference; includeInIndex = 1; lastKnownFileType = text.xcconfig; name = "Pods-Parstagram-ParstagramUITests.debug.xcconfig"; path = "Target Support Files/Pods-Parstagram-ParstagramUITests/Pods-Parstagram-ParstagramUITests.debug.xcconfig"; sourceTree = "<group>"; };
		3C18DE9725573E3E002A8E5A /* LoginViewController.swift */ = {isa = PBXFileReference; lastKnownFileType = sourcecode.swift; path = LoginViewController.swift; sourceTree = "<group>"; };
		3C18DE9C25573E4E002A8E5A /* FeedViewController.swift */ = {isa = PBXFileReference; lastKnownFileType = sourcecode.swift; path = FeedViewController.swift; sourceTree = "<group>"; };
		3C3CB3C72557369B007E82CA /* Parstagram.app */ = {isa = PBXFileReference; explicitFileType = wrapper.application; includeInIndex = 0; path = Parstagram.app; sourceTree = BUILT_PRODUCTS_DIR; };
		3C3CB3CA2557369B007E82CA /* AppDelegate.swift */ = {isa = PBXFileReference; lastKnownFileType = sourcecode.swift; path = AppDelegate.swift; sourceTree = "<group>"; };
		3C3CB3CC2557369B007E82CA /* SceneDelegate.swift */ = {isa = PBXFileReference; lastKnownFileType = sourcecode.swift; path = SceneDelegate.swift; sourceTree = "<group>"; };
		3C3CB3D12557369B007E82CA /* Base */ = {isa = PBXFileReference; lastKnownFileType = file.storyboard; name = Base; path = Base.lproj/Main.storyboard; sourceTree = "<group>"; };
		3C3CB3D32557369E007E82CA /* Assets.xcassets */ = {isa = PBXFileReference; lastKnownFileType = folder.assetcatalog; path = Assets.xcassets; sourceTree = "<group>"; };
		3C3CB3D62557369E007E82CA /* Base */ = {isa = PBXFileReference; lastKnownFileType = file.storyboard; name = Base; path = Base.lproj/LaunchScreen.storyboard; sourceTree = "<group>"; };
		3C3CB3D82557369E007E82CA /* Info.plist */ = {isa = PBXFileReference; lastKnownFileType = text.plist.xml; path = Info.plist; sourceTree = "<group>"; };
		3C3CB3DD2557369F007E82CA /* ParstagramTests.xctest */ = {isa = PBXFileReference; explicitFileType = wrapper.cfbundle; includeInIndex = 0; path = ParstagramTests.xctest; sourceTree = BUILT_PRODUCTS_DIR; };
		3C3CB3E12557369F007E82CA /* ParstagramTests.swift */ = {isa = PBXFileReference; lastKnownFileType = sourcecode.swift; path = ParstagramTests.swift; sourceTree = "<group>"; };
		3C3CB3E32557369F007E82CA /* Info.plist */ = {isa = PBXFileReference; lastKnownFileType = text.plist.xml; path = Info.plist; sourceTree = "<group>"; };
		3C3CB3E82557369F007E82CA /* ParstagramUITests.xctest */ = {isa = PBXFileReference; explicitFileType = wrapper.cfbundle; includeInIndex = 0; path = ParstagramUITests.xctest; sourceTree = BUILT_PRODUCTS_DIR; };
		3C3CB3EC2557369F007E82CA /* ParstagramUITests.swift */ = {isa = PBXFileReference; lastKnownFileType = sourcecode.swift; path = ParstagramUITests.swift; sourceTree = "<group>"; };
		3C3CB3EE2557369F007E82CA /* Info.plist */ = {isa = PBXFileReference; lastKnownFileType = text.plist.xml; path = Info.plist; sourceTree = "<group>"; };
		3C3F1AC925577D5E00178641 /* CameraViewController.swift */ = {isa = PBXFileReference; lastKnownFileType = sourcecode.swift; path = CameraViewController.swift; sourceTree = "<group>"; };
		5C20AA0F90020B0A55EB9FFB /* Pods-Parstagram.debug.xcconfig */ = {isa = PBXFileReference; includeInIndex = 1; lastKnownFileType = text.xcconfig; name = "Pods-Parstagram.debug.xcconfig"; path = "Target Support Files/Pods-Parstagram/Pods-Parstagram.debug.xcconfig"; sourceTree = "<group>"; };
		77284230E3E9C60B90E6B41D /* Pods_ParstagramTests.framework */ = {isa = PBXFileReference; explicitFileType = wrapper.framework; includeInIndex = 0; path = Pods_ParstagramTests.framework; sourceTree = BUILT_PRODUCTS_DIR; };
		7E0FAFDC8EECC3C9F04E96E7 /* Pods-Parstagram.release.xcconfig */ = {isa = PBXFileReference; includeInIndex = 1; lastKnownFileType = text.xcconfig; name = "Pods-Parstagram.release.xcconfig"; path = "Target Support Files/Pods-Parstagram/Pods-Parstagram.release.xcconfig"; sourceTree = "<group>"; };
		BD58F86F6E1526B2DC958688 /* Pods_Parstagram.framework */ = {isa = PBXFileReference; explicitFileType = wrapper.framework; includeInIndex = 0; path = Pods_Parstagram.framework; sourceTree = BUILT_PRODUCTS_DIR; };
		D5740A3B3F745C5B76D6AE14 /* Pods-Parstagram-ParstagramUITests.release.xcconfig */ = {isa = PBXFileReference; includeInIndex = 1; lastKnownFileType = text.xcconfig; name = "Pods-Parstagram-ParstagramUITests.release.xcconfig"; path = "Target Support Files/Pods-Parstagram-ParstagramUITests/Pods-Parstagram-ParstagramUITests.release.xcconfig"; sourceTree = "<group>"; };
		FAD40410441571522999AA8D /* Pods-ParstagramTests.debug.xcconfig */ = {isa = PBXFileReference; includeInIndex = 1; lastKnownFileType = text.xcconfig; name = "Pods-ParstagramTests.debug.xcconfig"; path = "Target Support Files/Pods-ParstagramTests/Pods-ParstagramTests.debug.xcconfig"; sourceTree = "<group>"; };
/* End PBXFileReference section */

/* Begin PBXFrameworksBuildPhase section */
		3C3CB3C42557369B007E82CA /* Frameworks */ = {
			isa = PBXFrameworksBuildPhase;
			buildActionMask = 2147483647;
			files = (
				73B0390EC68E5602BCF794B9 /* Pods_Parstagram.framework in Frameworks */,
			);
			runOnlyForDeploymentPostprocessing = 0;
		};
		3C3CB3DA2557369F007E82CA /* Frameworks */ = {
			isa = PBXFrameworksBuildPhase;
			buildActionMask = 2147483647;
			files = (
				F1B21F850EC73B7B9BD926A3 /* Pods_ParstagramTests.framework in Frameworks */,
			);
			runOnlyForDeploymentPostprocessing = 0;
		};
		3C3CB3E52557369F007E82CA /* Frameworks */ = {
			isa = PBXFrameworksBuildPhase;
			buildActionMask = 2147483647;
			files = (
				0131F4C10D3457CB057D86AF /* Pods_Parstagram_ParstagramUITests.framework in Frameworks */,
			);
			runOnlyForDeploymentPostprocessing = 0;
		};
/* End PBXFrameworksBuildPhase section */

/* Begin PBXGroup section */
		3C3CB3BE2557369B007E82CA = {
			isa = PBXGroup;
			children = (
				3C3CB3C92557369B007E82CA /* Parstagram */,
				3C3CB3E02557369F007E82CA /* ParstagramTests */,
				3C3CB3EB2557369F007E82CA /* ParstagramUITests */,
				3C3CB3C82557369B007E82CA /* Products */,
				FBCAD2D8E8936DF696AAE544 /* Pods */,
				C3ACA624911556FD49ABA001 /* Frameworks */,
			);
			sourceTree = "<group>";
		};
		3C3CB3C82557369B007E82CA /* Products */ = {
			isa = PBXGroup;
			children = (
				3C3CB3C72557369B007E82CA /* Parstagram.app */,
				3C3CB3DD2557369F007E82CA /* ParstagramTests.xctest */,
				3C3CB3E82557369F007E82CA /* ParstagramUITests.xctest */,
			);
			name = Products;
			sourceTree = "<group>";
		};
		3C3CB3C92557369B007E82CA /* Parstagram */ = {
			isa = PBXGroup;
			children = (
				3C3CB3CA2557369B007E82CA /* AppDelegate.swift */,
				3C3CB3CC2557369B007E82CA /* SceneDelegate.swift */,
				3C3CB3D02557369B007E82CA /* Main.storyboard */,
				3C3CB3D32557369E007E82CA /* Assets.xcassets */,
				3C3CB3D52557369E007E82CA /* LaunchScreen.storyboard */,
				3C3CB3D82557369E007E82CA /* Info.plist */,
				3C18DE9725573E3E002A8E5A /* LoginViewController.swift */,
				3C18DE9C25573E4E002A8E5A /* FeedViewController.swift */,
				3C3F1AC925577D5E00178641 /* CameraViewController.swift */,
			);
			path = Parstagram;
			sourceTree = "<group>";
		};
		3C3CB3E02557369F007E82CA /* ParstagramTests */ = {
			isa = PBXGroup;
			children = (
				3C3CB3E12557369F007E82CA /* ParstagramTests.swift */,
				3C3CB3E32557369F007E82CA /* Info.plist */,
			);
			path = ParstagramTests;
			sourceTree = "<group>";
		};
		3C3CB3EB2557369F007E82CA /* ParstagramUITests */ = {
			isa = PBXGroup;
			children = (
				3C3CB3EC2557369F007E82CA /* ParstagramUITests.swift */,
				3C3CB3EE2557369F007E82CA /* Info.plist */,
			);
			path = ParstagramUITests;
			sourceTree = "<group>";
		};
		C3ACA624911556FD49ABA001 /* Frameworks */ = {
			isa = PBXGroup;
			children = (
				BD58F86F6E1526B2DC958688 /* Pods_Parstagram.framework */,
				2487E1B3ED401907581DBB92 /* Pods_Parstagram_ParstagramUITests.framework */,
				77284230E3E9C60B90E6B41D /* Pods_ParstagramTests.framework */,
			);
			name = Frameworks;
			sourceTree = "<group>";
		};
		FBCAD2D8E8936DF696AAE544 /* Pods */ = {
			isa = PBXGroup;
			children = (
				5C20AA0F90020B0A55EB9FFB /* Pods-Parstagram.debug.xcconfig */,
				7E0FAFDC8EECC3C9F04E96E7 /* Pods-Parstagram.release.xcconfig */,
				3740E361C4C3466832798C57 /* Pods-Parstagram-ParstagramUITests.debug.xcconfig */,
				D5740A3B3F745C5B76D6AE14 /* Pods-Parstagram-ParstagramUITests.release.xcconfig */,
				FAD40410441571522999AA8D /* Pods-ParstagramTests.debug.xcconfig */,
				22CBCB40185D04F513329D40 /* Pods-ParstagramTests.release.xcconfig */,
			);
			path = Pods;
			sourceTree = "<group>";
		};
/* End PBXGroup section */

/* Begin PBXNativeTarget section */
		3C3CB3C62557369B007E82CA /* Parstagram */ = {
			isa = PBXNativeTarget;
			buildConfigurationList = 3C3CB3F12557369F007E82CA /* Build configuration list for PBXNativeTarget "Parstagram" */;
			buildPhases = (
				9E81C0161FE4B0B6BDC6C2B9 /* [CP] Check Pods Manifest.lock */,
				3C3CB3C32557369B007E82CA /* Sources */,
				3C3CB3C42557369B007E82CA /* Frameworks */,
				3C3CB3C52557369B007E82CA /* Resources */,
				EED5F4DD4FA96FE070BE8178 /* [CP] Embed Pods Frameworks */,
			);
			buildRules = (
			);
			dependencies = (
			);
			name = Parstagram;
			productName = Parstagram;
			productReference = 3C3CB3C72557369B007E82CA /* Parstagram.app */;
			productType = "com.apple.product-type.application";
		};
		3C3CB3DC2557369F007E82CA /* ParstagramTests */ = {
			isa = PBXNativeTarget;
			buildConfigurationList = 3C3CB3F42557369F007E82CA /* Build configuration list for PBXNativeTarget "ParstagramTests" */;
			buildPhases = (
				7CA1CF1DDE02515C6FB39BB2 /* [CP] Check Pods Manifest.lock */,
				3C3CB3D92557369F007E82CA /* Sources */,
				3C3CB3DA2557369F007E82CA /* Frameworks */,
				3C3CB3DB2557369F007E82CA /* Resources */,
			);
			buildRules = (
			);
			dependencies = (
				3C3CB3DF2557369F007E82CA /* PBXTargetDependency */,
			);
			name = ParstagramTests;
			productName = ParstagramTests;
			productReference = 3C3CB3DD2557369F007E82CA /* ParstagramTests.xctest */;
			productType = "com.apple.product-type.bundle.unit-test";
		};
		3C3CB3E72557369F007E82CA /* ParstagramUITests */ = {
			isa = PBXNativeTarget;
			buildConfigurationList = 3C3CB3F72557369F007E82CA /* Build configuration list for PBXNativeTarget "ParstagramUITests" */;
			buildPhases = (
				A4B7108A20D748AB37D3105F /* [CP] Check Pods Manifest.lock */,
				3C3CB3E42557369F007E82CA /* Sources */,
				3C3CB3E52557369F007E82CA /* Frameworks */,
				3C3CB3E62557369F007E82CA /* Resources */,
				E52C885DDB7DF8A27D60C9C6 /* [CP] Embed Pods Frameworks */,
			);
			buildRules = (
			);
			dependencies = (
				3C3CB3EA2557369F007E82CA /* PBXTargetDependency */,
			);
			name = ParstagramUITests;
			productName = ParstagramUITests;
			productReference = 3C3CB3E82557369F007E82CA /* ParstagramUITests.xctest */;
			productType = "com.apple.product-type.bundle.ui-testing";
		};
/* End PBXNativeTarget section */

/* Begin PBXProject section */
		3C3CB3BF2557369B007E82CA /* Project object */ = {
			isa = PBXProject;
			attributes = {
				LastSwiftUpdateCheck = 1210;
				LastUpgradeCheck = 1210;
				TargetAttributes = {
					3C3CB3C62557369B007E82CA = {
						CreatedOnToolsVersion = 12.1;
					};
					3C3CB3DC2557369F007E82CA = {
						CreatedOnToolsVersion = 12.1;
						TestTargetID = 3C3CB3C62557369B007E82CA;
					};
					3C3CB3E72557369F007E82CA = {
						CreatedOnToolsVersion = 12.1;
						TestTargetID = 3C3CB3C62557369B007E82CA;
					};
				};
			};
			buildConfigurationList = 3C3CB3C22557369B007E82CA /* Build configuration list for PBXProject "Parstagram" */;
			compatibilityVersion = "Xcode 9.3";
			developmentRegion = en;
			hasScannedForEncodings = 0;
			knownRegions = (
				en,
				Base,
			);
			mainGroup = 3C3CB3BE2557369B007E82CA;
			productRefGroup = 3C3CB3C82557369B007E82CA /* Products */;
			projectDirPath = "";
			projectRoot = "";
			targets = (
				3C3CB3C62557369B007E82CA /* Parstagram */,
				3C3CB3DC2557369F007E82CA /* ParstagramTests */,
				3C3CB3E72557369F007E82CA /* ParstagramUITests */,
			);
		};
/* End PBXProject section */

/* Begin PBXResourcesBuildPhase section */
		3C3CB3C52557369B007E82CA /* Resources */ = {
			isa = PBXResourcesBuildPhase;
			buildActionMask = 2147483647;
			files = (
				3C3CB3D72557369E007E82CA /* LaunchScreen.storyboard in Resources */,
				3C3CB3D42557369E007E82CA /* Assets.xcassets in Resources */,
				3C3CB3D22557369B007E82CA /* Main.storyboard in Resources */,
			);
			runOnlyForDeploymentPostprocessing = 0;
		};
		3C3CB3DB2557369F007E82CA /* Resources */ = {
			isa = PBXResourcesBuildPhase;
			buildActionMask = 2147483647;
			files = (
			);
			runOnlyForDeploymentPostprocessing = 0;
		};
		3C3CB3E62557369F007E82CA /* Resources */ = {
			isa = PBXResourcesBuildPhase;
			buildActionMask = 2147483647;
			files = (
			);
			runOnlyForDeploymentPostprocessing = 0;
		};
/* End PBXResourcesBuildPhase section */

/* Begin PBXShellScriptBuildPhase section */
		7CA1CF1DDE02515C6FB39BB2 /* [CP] Check Pods Manifest.lock */ = {
			isa = PBXShellScriptBuildPhase;
			buildActionMask = 2147483647;
			files = (
			);
			inputFileListPaths = (
			);
			inputPaths = (
				"${PODS_PODFILE_DIR_PATH}/Podfile.lock",
				"${PODS_ROOT}/Manifest.lock",
			);
			name = "[CP] Check Pods Manifest.lock";
			outputFileListPaths = (
			);
			outputPaths = (
				"$(DERIVED_FILE_DIR)/Pods-ParstagramTests-checkManifestLockResult.txt",
			);
			runOnlyForDeploymentPostprocessing = 0;
			shellPath = /bin/sh;
			shellScript = "diff \"${PODS_PODFILE_DIR_PATH}/Podfile.lock\" \"${PODS_ROOT}/Manifest.lock\" > /dev/null\nif [ $? != 0 ] ; then\n    # print error to STDERR\n    echo \"error: The sandbox is not in sync with the Podfile.lock. Run 'pod install' or update your CocoaPods installation.\" >&2\n    exit 1\nfi\n# This output is used by Xcode 'outputs' to avoid re-running this script phase.\necho \"SUCCESS\" > \"${SCRIPT_OUTPUT_FILE_0}\"\n";
			showEnvVarsInLog = 0;
		};
		9E81C0161FE4B0B6BDC6C2B9 /* [CP] Check Pods Manifest.lock */ = {
			isa = PBXShellScriptBuildPhase;
			buildActionMask = 2147483647;
			files = (
			);
			inputFileListPaths = (
			);
			inputPaths = (
				"${PODS_PODFILE_DIR_PATH}/Podfile.lock",
				"${PODS_ROOT}/Manifest.lock",
			);
			name = "[CP] Check Pods Manifest.lock";
			outputFileListPaths = (
			);
			outputPaths = (
				"$(DERIVED_FILE_DIR)/Pods-Parstagram-checkManifestLockResult.txt",
			);
			runOnlyForDeploymentPostprocessing = 0;
			shellPath = /bin/sh;
			shellScript = "diff \"${PODS_PODFILE_DIR_PATH}/Podfile.lock\" \"${PODS_ROOT}/Manifest.lock\" > /dev/null\nif [ $? != 0 ] ; then\n    # print error to STDERR\n    echo \"error: The sandbox is not in sync with the Podfile.lock. Run 'pod install' or update your CocoaPods installation.\" >&2\n    exit 1\nfi\n# This output is used by Xcode 'outputs' to avoid re-running this script phase.\necho \"SUCCESS\" > \"${SCRIPT_OUTPUT_FILE_0}\"\n";
			showEnvVarsInLog = 0;
		};
		A4B7108A20D748AB37D3105F /* [CP] Check Pods Manifest.lock */ = {
			isa = PBXShellScriptBuildPhase;
			buildActionMask = 2147483647;
			files = (
			);
			inputFileListPaths = (
			);
			inputPaths = (
				"${PODS_PODFILE_DIR_PATH}/Podfile.lock",
				"${PODS_ROOT}/Manifest.lock",
			);
			name = "[CP] Check Pods Manifest.lock";
			outputFileListPaths = (
			);
			outputPaths = (
				"$(DERIVED_FILE_DIR)/Pods-Parstagram-ParstagramUITests-checkManifestLockResult.txt",
			);
			runOnlyForDeploymentPostprocessing = 0;
			shellPath = /bin/sh;
			shellScript = "diff \"${PODS_PODFILE_DIR_PATH}/Podfile.lock\" \"${PODS_ROOT}/Manifest.lock\" > /dev/null\nif [ $? != 0 ] ; then\n    # print error to STDERR\n    echo \"error: The sandbox is not in sync with the Podfile.lock. Run 'pod install' or update your CocoaPods installation.\" >&2\n    exit 1\nfi\n# This output is used by Xcode 'outputs' to avoid re-running this script phase.\necho \"SUCCESS\" > \"${SCRIPT_OUTPUT_FILE_0}\"\n";
			showEnvVarsInLog = 0;
		};
		E52C885DDB7DF8A27D60C9C6 /* [CP] Embed Pods Frameworks */ = {
			isa = PBXShellScriptBuildPhase;
			buildActionMask = 2147483647;
			files = (
			);
			inputFileListPaths = (
				"${PODS_ROOT}/Target Support Files/Pods-Parstagram-ParstagramUITests/Pods-Parstagram-ParstagramUITests-frameworks-${CONFIGURATION}-input-files.xcfilelist",
			);
			name = "[CP] Embed Pods Frameworks";
			outputFileListPaths = (
				"${PODS_ROOT}/Target Support Files/Pods-Parstagram-ParstagramUITests/Pods-Parstagram-ParstagramUITests-frameworks-${CONFIGURATION}-output-files.xcfilelist",
			);
			runOnlyForDeploymentPostprocessing = 0;
			shellPath = /bin/sh;
			shellScript = "\"${PODS_ROOT}/Target Support Files/Pods-Parstagram-ParstagramUITests/Pods-Parstagram-ParstagramUITests-frameworks.sh\"\n";
			showEnvVarsInLog = 0;
		};
		EED5F4DD4FA96FE070BE8178 /* [CP] Embed Pods Frameworks */ = {
			isa = PBXShellScriptBuildPhase;
			buildActionMask = 2147483647;
			files = (
			);
			inputFileListPaths = (
				"${PODS_ROOT}/Target Support Files/Pods-Parstagram/Pods-Parstagram-frameworks-${CONFIGURATION}-input-files.xcfilelist",
			);
			name = "[CP] Embed Pods Frameworks";
			outputFileListPaths = (
				"${PODS_ROOT}/Target Support Files/Pods-Parstagram/Pods-Parstagram-frameworks-${CONFIGURATION}-output-files.xcfilelist",
			);
			runOnlyForDeploymentPostprocessing = 0;
			shellPath = /bin/sh;
			shellScript = "\"${PODS_ROOT}/Target Support Files/Pods-Parstagram/Pods-Parstagram-frameworks.sh\"\n";
			showEnvVarsInLog = 0;
		};
/* End PBXShellScriptBuildPhase section */

/* Begin PBXSourcesBuildPhase section */
		3C3CB3C32557369B007E82CA /* Sources */ = {
			isa = PBXSourcesBuildPhase;
			buildActionMask = 2147483647;
			files = (
				3C18DE9825573E3E002A8E5A /* LoginViewController.swift in Sources */,
				3C3F1ACA25577D5E00178641 /* CameraViewController.swift in Sources */,
				3C3CB3CB2557369B007E82CA /* AppDelegate.swift in Sources */,
				3C18DE9D25573E4E002A8E5A /* FeedViewController.swift in Sources */,
				3C3CB3CD2557369B007E82CA /* SceneDelegate.swift in Sources */,
			);
			runOnlyForDeploymentPostprocessing = 0;
		};
		3C3CB3D92557369F007E82CA /* Sources */ = {
			isa = PBXSourcesBuildPhase;
			buildActionMask = 2147483647;
			files = (
				3C3CB3E22557369F007E82CA /* ParstagramTests.swift in Sources */,
			);
			runOnlyForDeploymentPostprocessing = 0;
		};
		3C3CB3E42557369F007E82CA /* Sources */ = {
			isa = PBXSourcesBuildPhase;
			buildActionMask = 2147483647;
			files = (
				3C3CB3ED2557369F007E82CA /* ParstagramUITests.swift in Sources */,
			);
			runOnlyForDeploymentPostprocessing = 0;
		};
/* End PBXSourcesBuildPhase section */

/* Begin PBXTargetDependency section */
		3C3CB3DF2557369F007E82CA /* PBXTargetDependency */ = {
			isa = PBXTargetDependency;
			target = 3C3CB3C62557369B007E82CA /* Parstagram */;
			targetProxy = 3C3CB3DE2557369F007E82CA /* PBXContainerItemProxy */;
		};
		3C3CB3EA2557369F007E82CA /* PBXTargetDependency */ = {
			isa = PBXTargetDependency;
			target = 3C3CB3C62557369B007E82CA /* Parstagram */;
			targetProxy = 3C3CB3E92557369F007E82CA /* PBXContainerItemProxy */;
		};
/* End PBXTargetDependency section */

/* Begin PBXVariantGroup section */
		3C3CB3D02557369B007E82CA /* Main.storyboard */ = {
			isa = PBXVariantGroup;
			children = (
				3C3CB3D12557369B007E82CA /* Base */,
			);
			name = Main.storyboard;
			sourceTree = "<group>";
		};
		3C3CB3D52557369E007E82CA /* LaunchScreen.storyboard */ = {
			isa = PBXVariantGroup;
			children = (
				3C3CB3D62557369E007E82CA /* Base */,
			);
			name = LaunchScreen.storyboard;
			sourceTree = "<group>";
		};
/* End PBXVariantGroup section */

/* Begin XCBuildConfiguration section */
		3C3CB3EF2557369F007E82CA /* Debug */ = {
			isa = XCBuildConfiguration;
			buildSettings = {
				ALWAYS_SEARCH_USER_PATHS = NO;
				CLANG_ANALYZER_NONNULL = YES;
				CLANG_ANALYZER_NUMBER_OBJECT_CONVERSION = YES_AGGRESSIVE;
				CLANG_CXX_LANGUAGE_STANDARD = "gnu++14";
				CLANG_CXX_LIBRARY = "libc++";
				CLANG_ENABLE_MODULES = YES;
				CLANG_ENABLE_OBJC_ARC = YES;
				CLANG_ENABLE_OBJC_WEAK = YES;
				CLANG_WARN_BLOCK_CAPTURE_AUTORELEASING = YES;
				CLANG_WARN_BOOL_CONVERSION = YES;
				CLANG_WARN_COMMA = YES;
				CLANG_WARN_CONSTANT_CONVERSION = YES;
				CLANG_WARN_DEPRECATED_OBJC_IMPLEMENTATIONS = YES;
				CLANG_WARN_DIRECT_OBJC_ISA_USAGE = YES_ERROR;
				CLANG_WARN_DOCUMENTATION_COMMENTS = YES;
				CLANG_WARN_EMPTY_BODY = YES;
				CLANG_WARN_ENUM_CONVERSION = YES;
				CLANG_WARN_INFINITE_RECURSION = YES;
				CLANG_WARN_INT_CONVERSION = YES;
				CLANG_WARN_NON_LITERAL_NULL_CONVERSION = YES;
				CLANG_WARN_OBJC_IMPLICIT_RETAIN_SELF = YES;
				CLANG_WARN_OBJC_LITERAL_CONVERSION = YES;
				CLANG_WARN_OBJC_ROOT_CLASS = YES_ERROR;
				CLANG_WARN_QUOTED_INCLUDE_IN_FRAMEWORK_HEADER = YES;
				CLANG_WARN_RANGE_LOOP_ANALYSIS = YES;
				CLANG_WARN_STRICT_PROTOTYPES = YES;
				CLANG_WARN_SUSPICIOUS_MOVE = YES;
				CLANG_WARN_UNGUARDED_AVAILABILITY = YES_AGGRESSIVE;
				CLANG_WARN_UNREACHABLE_CODE = YES;
				CLANG_WARN__DUPLICATE_METHOD_MATCH = YES;
				COPY_PHASE_STRIP = NO;
				DEBUG_INFORMATION_FORMAT = dwarf;
				ENABLE_STRICT_OBJC_MSGSEND = YES;
				ENABLE_TESTABILITY = YES;
				GCC_C_LANGUAGE_STANDARD = gnu11;
				GCC_DYNAMIC_NO_PIC = NO;
				GCC_NO_COMMON_BLOCKS = YES;
				GCC_OPTIMIZATION_LEVEL = 0;
				GCC_PREPROCESSOR_DEFINITIONS = (
					"DEBUG=1",
					"$(inherited)",
				);
				GCC_WARN_64_TO_32_BIT_CONVERSION = YES;
				GCC_WARN_ABOUT_RETURN_TYPE = YES_ERROR;
				GCC_WARN_UNDECLARED_SELECTOR = YES;
				GCC_WARN_UNINITIALIZED_AUTOS = YES_AGGRESSIVE;
				GCC_WARN_UNUSED_FUNCTION = YES;
				GCC_WARN_UNUSED_VARIABLE = YES;
				IPHONEOS_DEPLOYMENT_TARGET = 14.1;
				MTL_ENABLE_DEBUG_INFO = INCLUDE_SOURCE;
				MTL_FAST_MATH = YES;
				ONLY_ACTIVE_ARCH = YES;
				SDKROOT = iphoneos;
				SWIFT_ACTIVE_COMPILATION_CONDITIONS = DEBUG;
				SWIFT_OPTIMIZATION_LEVEL = "-Onone";
			};
			name = Debug;
		};
		3C3CB3F02557369F007E82CA /* Release */ = {
			isa = XCBuildConfiguration;
			buildSettings = {
				ALWAYS_SEARCH_USER_PATHS = NO;
				CLANG_ANALYZER_NONNULL = YES;
				CLANG_ANALYZER_NUMBER_OBJECT_CONVERSION = YES_AGGRESSIVE;
				CLANG_CXX_LANGUAGE_STANDARD = "gnu++14";
				CLANG_CXX_LIBRARY = "libc++";
				CLANG_ENABLE_MODULES = YES;
				CLANG_ENABLE_OBJC_ARC = YES;
				CLANG_ENABLE_OBJC_WEAK = YES;
				CLANG_WARN_BLOCK_CAPTURE_AUTORELEASING = YES;
				CLANG_WARN_BOOL_CONVERSION = YES;
				CLANG_WARN_COMMA = YES;
				CLANG_WARN_CONSTANT_CONVERSION = YES;
				CLANG_WARN_DEPRECATED_OBJC_IMPLEMENTATIONS = YES;
				CLANG_WARN_DIRECT_OBJC_ISA_USAGE = YES_ERROR;
				CLANG_WARN_DOCUMENTATION_COMMENTS = YES;
				CLANG_WARN_EMPTY_BODY = YES;
				CLANG_WARN_ENUM_CONVERSION = YES;
				CLANG_WARN_INFINITE_RECURSION = YES;
				CLANG_WARN_INT_CONVERSION = YES;
				CLANG_WARN_NON_LITERAL_NULL_CONVERSION = YES;
				CLANG_WARN_OBJC_IMPLICIT_RETAIN_SELF = YES;
				CLANG_WARN_OBJC_LITERAL_CONVERSION = YES;
				CLANG_WARN_OBJC_ROOT_CLASS = YES_ERROR;
				CLANG_WARN_QUOTED_INCLUDE_IN_FRAMEWORK_HEADER = YES;
				CLANG_WARN_RANGE_LOOP_ANALYSIS = YES;
				CLANG_WARN_STRICT_PROTOTYPES = YES;
				CLANG_WARN_SUSPICIOUS_MOVE = YES;
				CLANG_WARN_UNGUARDED_AVAILABILITY = YES_AGGRESSIVE;
				CLANG_WARN_UNREACHABLE_CODE = YES;
				CLANG_WARN__DUPLICATE_METHOD_MATCH = YES;
				COPY_PHASE_STRIP = NO;
				DEBUG_INFORMATION_FORMAT = "dwarf-with-dsym";
				ENABLE_NS_ASSERTIONS = NO;
				ENABLE_STRICT_OBJC_MSGSEND = YES;
				GCC_C_LANGUAGE_STANDARD = gnu11;
				GCC_NO_COMMON_BLOCKS = YES;
				GCC_WARN_64_TO_32_BIT_CONVERSION = YES;
				GCC_WARN_ABOUT_RETURN_TYPE = YES_ERROR;
				GCC_WARN_UNDECLARED_SELECTOR = YES;
				GCC_WARN_UNINITIALIZED_AUTOS = YES_AGGRESSIVE;
				GCC_WARN_UNUSED_FUNCTION = YES;
				GCC_WARN_UNUSED_VARIABLE = YES;
				IPHONEOS_DEPLOYMENT_TARGET = 14.1;
				MTL_ENABLE_DEBUG_INFO = NO;
				MTL_FAST_MATH = YES;
				SDKROOT = iphoneos;
				SWIFT_COMPILATION_MODE = wholemodule;
				SWIFT_OPTIMIZATION_LEVEL = "-O";
				VALIDATE_PRODUCT = YES;
			};
			name = Release;
		};
		3C3CB3F22557369F007E82CA /* Debug */ = {
			isa = XCBuildConfiguration;
			baseConfigurationReference = 5C20AA0F90020B0A55EB9FFB /* Pods-Parstagram.debug.xcconfig */;
			buildSettings = {
				ASSETCATALOG_COMPILER_APPICON_NAME = AppIcon;
				ASSETCATALOG_COMPILER_GLOBAL_ACCENT_COLOR_NAME = AccentColor;
				CODE_SIGN_STYLE = Automatic;
				DEVELOPMENT_TEAM = CQHCG6S269;
				INFOPLIST_FILE = Parstagram/Info.plist;
				LD_RUNPATH_SEARCH_PATHS = (
					"$(inherited)",
					"@executable_path/Frameworks",
				);
				PRODUCT_BUNDLE_IDENTIFIER = com.codepath.Parstagram;
				PRODUCT_NAME = "$(TARGET_NAME)";
				SWIFT_VERSION = 5.0;
				TARGETED_DEVICE_FAMILY = "1,2";
			};
			name = Debug;
		};
		3C3CB3F32557369F007E82CA /* Release */ = {
			isa = XCBuildConfiguration;
			baseConfigurationReference = 7E0FAFDC8EECC3C9F04E96E7 /* Pods-Parstagram.release.xcconfig */;
			buildSettings = {
				ASSETCATALOG_COMPILER_APPICON_NAME = AppIcon;
				ASSETCATALOG_COMPILER_GLOBAL_ACCENT_COLOR_NAME = AccentColor;
				CODE_SIGN_STYLE = Automatic;
				DEVELOPMENT_TEAM = CQHCG6S269;
				INFOPLIST_FILE = Parstagram/Info.plist;
				LD_RUNPATH_SEARCH_PATHS = (
					"$(inherited)",
					"@executable_path/Frameworks",
				);
				PRODUCT_BUNDLE_IDENTIFIER = com.codepath.Parstagram;
				PRODUCT_NAME = "$(TARGET_NAME)";
				SWIFT_VERSION = 5.0;
				TARGETED_DEVICE_FAMILY = "1,2";
			};
			name = Release;
		};
		3C3CB3F52557369F007E82CA /* Debug */ = {
			isa = XCBuildConfiguration;
			baseConfigurationReference = FAD40410441571522999AA8D /* Pods-ParstagramTests.debug.xcconfig */;
			buildSettings = {
				ALWAYS_EMBED_SWIFT_STANDARD_LIBRARIES = YES;
				BUNDLE_LOADER = "$(TEST_HOST)";
				CODE_SIGN_STYLE = Automatic;
				DEVELOPMENT_TEAM = CQHCG6S269;
				INFOPLIST_FILE = ParstagramTests/Info.plist;
				IPHONEOS_DEPLOYMENT_TARGET = 14.1;
				LD_RUNPATH_SEARCH_PATHS = (
					"$(inherited)",
					"@executable_path/Frameworks",
					"@loader_path/Frameworks",
				);
				PRODUCT_BUNDLE_IDENTIFIER = com.codepath.ParstagramTests;
				PRODUCT_NAME = "$(TARGET_NAME)";
				SWIFT_VERSION = 5.0;
				TARGETED_DEVICE_FAMILY = "1,2";
				TEST_HOST = "$(BUILT_PRODUCTS_DIR)/Parstagram.app/Parstagram";
			};
			name = Debug;
		};
		3C3CB3F62557369F007E82CA /* Release */ = {
			isa = XCBuildConfiguration;
			baseConfigurationReference = 22CBCB40185D04F513329D40 /* Pods-ParstagramTests.release.xcconfig */;
			buildSettings = {
				ALWAYS_EMBED_SWIFT_STANDARD_LIBRARIES = YES;
				BUNDLE_LOADER = "$(TEST_HOST)";
				CODE_SIGN_STYLE = Automatic;
				DEVELOPMENT_TEAM = CQHCG6S269;
				INFOPLIST_FILE = ParstagramTests/Info.plist;
				IPHONEOS_DEPLOYMENT_TARGET = 14.1;
				LD_RUNPATH_SEARCH_PATHS = (
					"$(inherited)",
					"@executable_path/Frameworks",
					"@loader_path/Frameworks",
				);
				PRODUCT_BUNDLE_IDENTIFIER = com.codepath.ParstagramTests;
				PRODUCT_NAME = "$(TARGET_NAME)";
				SWIFT_VERSION = 5.0;
				TARGETED_DEVICE_FAMILY = "1,2";
				TEST_HOST = "$(BUILT_PRODUCTS_DIR)/Parstagram.app/Parstagram";
			};
			name = Release;
		};
		3C3CB3F82557369F007E82CA /* Debug */ = {
			isa = XCBuildConfiguration;
			baseConfigurationReference = 3740E361C4C3466832798C57 /* Pods-Parstagram-ParstagramUITests.debug.xcconfig */;
			buildSettings = {
				ALWAYS_EMBED_SWIFT_STANDARD_LIBRARIES = YES;
				CODE_SIGN_STYLE = Automatic;
				DEVELOPMENT_TEAM = CQHCG6S269;
				INFOPLIST_FILE = ParstagramUITests/Info.plist;
				LD_RUNPATH_SEARCH_PATHS = (
					"$(inherited)",
					"@executable_path/Frameworks",
					"@loader_path/Frameworks",
				);
				PRODUCT_BUNDLE_IDENTIFIER = com.codepath.ParstagramUITests;
				PRODUCT_NAME = "$(TARGET_NAME)";
				SWIFT_VERSION = 5.0;
				TARGETED_DEVICE_FAMILY = "1,2";
				TEST_TARGET_NAME = Parstagram;
			};
			name = Debug;
		};
		3C3CB3F92557369F007E82CA /* Release */ = {
			isa = XCBuildConfiguration;
			baseConfigurationReference = D5740A3B3F745C5B76D6AE14 /* Pods-Parstagram-ParstagramUITests.release.xcconfig */;
			buildSettings = {
				ALWAYS_EMBED_SWIFT_STANDARD_LIBRARIES = YES;
				CODE_SIGN_STYLE = Automatic;
				DEVELOPMENT_TEAM = CQHCG6S269;
				INFOPLIST_FILE = ParstagramUITests/Info.plist;
				LD_RUNPATH_SEARCH_PATHS = (
					"$(inherited)",
					"@executable_path/Frameworks",
					"@loader_path/Frameworks",
				);
				PRODUCT_BUNDLE_IDENTIFIER = com.codepath.ParstagramUITests;
				PRODUCT_NAME = "$(TARGET_NAME)";
				SWIFT_VERSION = 5.0;
				TARGETED_DEVICE_FAMILY = "1,2";
				TEST_TARGET_NAME = Parstagram;
			};
			name = Release;
		};
/* End XCBuildConfiguration section */

/* Begin XCConfigurationList section */
		3C3CB3C22557369B007E82CA /* Build configuration list for PBXProject "Parstagram" */ = {
			isa = XCConfigurationList;
			buildConfigurations = (
				3C3CB3EF2557369F007E82CA /* Debug */,
				3C3CB3F02557369F007E82CA /* Release */,
			);
			defaultConfigurationIsVisible = 0;
			defaultConfigurationName = Release;
		};
		3C3CB3F12557369F007E82CA /* Build configuration list for PBXNativeTarget "Parstagram" */ = {
			isa = XCConfigurationList;
			buildConfigurations = (
				3C3CB3F22557369F007E82CA /* Debug */,
				3C3CB3F32557369F007E82CA /* Release */,
			);
			defaultConfigurationIsVisible = 0;
			defaultConfigurationName = Release;
		};
		3C3CB3F42557369F007E82CA /* Build configuration list for PBXNativeTarget "ParstagramTests" */ = {
			isa = XCConfigurationList;
			buildConfigurations = (
				3C3CB3F52557369F007E82CA /* Debug */,
				3C3CB3F62557369F007E82CA /* Release */,
			);
			defaultConfigurationIsVisible = 0;
			defaultConfigurationName = Release;
		};
		3C3CB3F72557369F007E82CA /* Build configuration list for PBXNativeTarget "ParstagramUITests" */ = {
			isa = XCConfigurationList;
			buildConfigurations = (
				3C3CB3F82557369F007E82CA /* Debug */,
				3C3CB3F92557369F007E82CA /* Release */,
			);
			defaultConfigurationIsVisible = 0;
			defaultConfigurationName = Release;
		};
/* End XCConfigurationList section */
	};
	rootObject = 3C3CB3BF2557369B007E82CA /* Project object */;
}
